
Microsoft Visual Studio Solution File, Format Version 12.00
# Visual Studio Version 17
VisualStudioVersion = 17.6.33829.357
MinimumVisualStudioVersion = 10.0.40219.1
Project("{FAE04EC0-301F-11D3-BF4B-00C04F79EFBC}") = "SimpleInputApp", "SimpleInputApp\SimpleInputApp.csproj", "{7F86C186-FB8F-429B-8B2F-1857B0393CC6}"
EndProject
Global
	GlobalSection(SolutionConfigurationPlatforms) = preSolution
		Debug|Any CPU = Debug|Any CPU
		Release|Any CPU = Release|Any CPU
	EndGlobalSection
	GlobalSection(ProjectConfigurationPlatforms) = postSolution
		{7F86C186-FB8F-429B-8B2F-1857B0393CC6}.Debug|Any CPU.ActiveCfg = Debug|Any CPU
		{7F86C186-FB8F-429B-8B2F-1857B0393CC6}.Debug|Any CPU.Build.0 = Debug|Any CPU
		{7F86C186-FB8F-429B-8B2F-1857B0393CC6}.Release|Any CPU.ActiveCfg = Release|Any CPU
		{7F86C186-FB8F-429B-8B2F-1857B0393CC6}.Release|Any CPU.Build.0 = Release|Any CPU
	EndGlobalSection
	GlobalSection(SolutionProperties) = preSolution
		HideSolutionNode = FALSE
	EndGlobalSection
	GlobalSection(ExtensibilityGlobals) = postSolution
		SolutionGuid = {1BDBC809-59B0-480F-B481-1A928029FC8B}
	EndGlobalSection
EndGlobal
